
Microsoft Visual Studio Solution File, Format Version 12.00
# Visual Studio 2012
Project("{FAE04EC0-301F-11D3-BF4B-00C04F79EFBC}") = "TCPClienteConsola", "TCPClienteConsola\TCPClienteConsola.csproj", "{104AD378-8F03-43A0-89DA-578AD82D07AD}"
EndProject
Project("{FAE04EC0-301F-11D3-BF4B-00C04F79EFBC}") = "TCPCliente", "TCPCliente\TCPCliente.csproj", "{D7AA48CF-4BC9-47F5-A50F-5CDD305DB181}"
EndProject
Global
	GlobalSection(SolutionConfigurationPlatforms) = preSolution
		Debug|Any CPU = Debug|Any CPU
		Release|Any CPU = Release|Any CPU
	EndGlobalSection
	GlobalSection(ProjectConfigurationPlatforms) = postSolution
		{104AD378-8F03-43A0-89DA-578AD82D07AD}.Debug|Any CPU.ActiveCfg = Debug|Any CPU
		{104AD378-8F03-43A0-89DA-578AD82D07AD}.Debug|Any CPU.Build.0 = Debug|Any CPU
		{104AD378-8F03-43A0-89DA-578AD82D07AD}.Release|Any CPU.ActiveCfg = Release|Any CPU
		{104AD378-8F03-43A0-89DA-578AD82D07AD}.Release|Any CPU.Build.0 = Release|Any CPU
		{D7AA48CF-4BC9-47F5-A50F-5CDD305DB181}.Debug|Any CPU.ActiveCfg = Debug|Any CPU
		{D7AA48CF-4BC9-47F5-A50F-5CDD305DB181}.Debug|Any CPU.Build.0 = Debug|Any CPU
		{D7AA48CF-4BC9-47F5-A50F-5CDD305DB181}.Release|Any CPU.ActiveCfg = Release|Any CPU
		{D7AA48CF-4BC9-47F5-A50F-5CDD305DB181}.Release|Any CPU.Build.0 = Release|Any CPU
	EndGlobalSection
	GlobalSection(SolutionProperties) = preSolution
		HideSolutionNode = FALSE
	EndGlobalSection
EndGlobal
